
Microsoft Visual Studio Solution File, Format Version 12.00
# Visual Studio Version 17
VisualStudioVersion = 17.13.35806.99 d17.13
MinimumVisualStudioVersion = 10.0.40219.1
Project("{FAE04EC0-301F-11D3-BF4B-00C04F79EFBC}") = "AljabarLibraries", "AljabarLibraries\AljabarLibraries.csproj", "{DF22D5DF-061B-4CC4-9CD6-A0987B758B8B}"
EndProject
Project("{FAE04EC0-301F-11D3-BF4B-00C04F79EFBC}") = "ConsoleAppAljabar", "ConsoleAppAljabar\ConsoleAppAljabar.csproj", "{09B03EE2-0461-4045-A7C4-75424B2D0E63}"
EndProject
Global
	GlobalSection(SolutionConfigurationPlatforms) = preSolution
		Debug|Any CPU = Debug|Any CPU
		Release|Any CPU = Release|Any CPU
	EndGlobalSection
	GlobalSection(ProjectConfigurationPlatforms) = postSolution
		{DF22D5DF-061B-4CC4-9CD6-A0987B758B8B}.Debug|Any CPU.ActiveCfg = Debug|Any CPU
		{DF22D5DF-061B-4CC4-9CD6-A0987B758B8B}.Debug|Any CPU.Build.0 = Debug|Any CPU
		{DF22D5DF-061B-4CC4-9CD6-A0987B758B8B}.Release|Any CPU.ActiveCfg = Release|Any CPU
		{DF22D5DF-061B-4CC4-9CD6-A0987B758B8B}.Release|Any CPU.Build.0 = Release|Any CPU
		{09B03EE2-0461-4045-A7C4-75424B2D0E63}.Debug|Any CPU.ActiveCfg = Debug|Any CPU
		{09B03EE2-0461-4045-A7C4-75424B2D0E63}.Debug|Any CPU.Build.0 = Debug|Any CPU
		{09B03EE2-0461-4045-A7C4-75424B2D0E63}.Release|Any CPU.ActiveCfg = Release|Any CPU
		{09B03EE2-0461-4045-A7C4-75424B2D0E63}.Release|Any CPU.Build.0 = Release|Any CPU
	EndGlobalSection
	GlobalSection(SolutionProperties) = preSolution
		HideSolutionNode = FALSE
	EndGlobalSection
	GlobalSection(ExtensibilityGlobals) = postSolution
		SolutionGuid = {58218957-107A-446B-8D5A-F556FA0D5B84}
	EndGlobalSection
EndGlobal
