
Microsoft Visual Studio Solution File, Format Version 12.00
# Visual Studio Version 17
VisualStudioVersion = 17.13.35806.99 d17.13
MinimumVisualStudioVersion = 10.0.40219.1
Project("{FAE04EC0-301F-11D3-BF4B-00C04F79EFBC}") = "tjmod3_2311104042", "tjmod3_2311104042\tjmod3_2311104042.csproj", "{1557FD23-DB65-4375-A765-E9420F1BB0F0}"
EndProject
Global
	GlobalSection(SolutionConfigurationPlatforms) = preSolution
		Debug|Any CPU = Debug|Any CPU
		Release|Any CPU = Release|Any CPU
	EndGlobalSection
	GlobalSection(ProjectConfigurationPlatforms) = postSolution
		{1557FD23-DB65-4375-A765-E9420F1BB0F0}.Debug|Any CPU.ActiveCfg = Debug|Any CPU
		{1557FD23-DB65-4375-A765-E9420F1BB0F0}.Debug|Any CPU.Build.0 = Debug|Any CPU
		{1557FD23-DB65-4375-A765-E9420F1BB0F0}.Release|Any CPU.ActiveCfg = Release|Any CPU
		{1557FD23-DB65-4375-A765-E9420F1BB0F0}.Release|Any CPU.Build.0 = Release|Any CPU
	EndGlobalSection
	GlobalSection(SolutionProperties) = preSolution
		HideSolutionNode = FALSE
	EndGlobalSection
	GlobalSection(ExtensibilityGlobals) = postSolution
		SolutionGuid = {7E548060-2812-4052-B600-4A217F95A474}
	EndGlobalSection
EndGlobal
