
Microsoft Visual Studio Solution File, Format Version 12.00
# Visual Studio Version 17
VisualStudioVersion = 17.13.35806.99 d17.13
MinimumVisualStudioVersion = 10.0.40219.1
Project("{FAE04EC0-301F-11D3-BF4B-00C04F79EFBC}") = "modul2_2311104042", "modul2_2311104042\modul2_2311104042.csproj", "{DC27DEA2-5BAE-4997-8191-3E688E69A19E}"
EndProject
Global
	GlobalSection(SolutionConfigurationPlatforms) = preSolution
		Debug|Any CPU = Debug|Any CPU
		Release|Any CPU = Release|Any CPU
	EndGlobalSection
	GlobalSection(ProjectConfigurationPlatforms) = postSolution
		{DC27DEA2-5BAE-4997-8191-3E688E69A19E}.Debug|Any CPU.ActiveCfg = Debug|Any CPU
		{DC27DEA2-5BAE-4997-8191-3E688E69A19E}.Debug|Any CPU.Build.0 = Debug|Any CPU
		{DC27DEA2-5BAE-4997-8191-3E688E69A19E}.Release|Any CPU.ActiveCfg = Release|Any CPU
		{DC27DEA2-5BAE-4997-8191-3E688E69A19E}.Release|Any CPU.Build.0 = Release|Any CPU
	EndGlobalSection
	GlobalSection(SolutionProperties) = preSolution
		HideSolutionNode = FALSE
	EndGlobalSection
	GlobalSection(ExtensibilityGlobals) = postSolution
		SolutionGuid = {E010FE66-559E-4067-BE39-16666E7136E0}
	EndGlobalSection
EndGlobal
