
Microsoft Visual Studio Solution File, Format Version 12.00
# Visual Studio Version 17
VisualStudioVersion = 17.13.35806.99 d17.13
MinimumVisualStudioVersion = 10.0.40219.1
Project("{FAE04EC0-301F-11D3-BF4B-00C04F79EFBC}") = "tpmod6_2311104042", "tpmod6_2311104042\tpmod6_2311104042.csproj", "{59EFE216-D0DB-402A-B6C3-29F5BB6D2615}"
EndProject
Global
	GlobalSection(SolutionConfigurationPlatforms) = preSolution
		Debug|Any CPU = Debug|Any CPU
		Release|Any CPU = Release|Any CPU
	EndGlobalSection
	GlobalSection(ProjectConfigurationPlatforms) = postSolution
		{59EFE216-D0DB-402A-B6C3-29F5BB6D2615}.Debug|Any CPU.ActiveCfg = Debug|Any CPU
		{59EFE216-D0DB-402A-B6C3-29F5BB6D2615}.Debug|Any CPU.Build.0 = Debug|Any CPU
		{59EFE216-D0DB-402A-B6C3-29F5BB6D2615}.Release|Any CPU.ActiveCfg = Release|Any CPU
		{59EFE216-D0DB-402A-B6C3-29F5BB6D2615}.Release|Any CPU.Build.0 = Release|Any CPU
	EndGlobalSection
	GlobalSection(SolutionProperties) = preSolution
		HideSolutionNode = FALSE
	EndGlobalSection
	GlobalSection(ExtensibilityGlobals) = postSolution
		SolutionGuid = {F1C92BF9-86C7-4581-8BCE-75A3E8C550E7}
	EndGlobalSection
EndGlobal
